// !$*UTF8*$!
{
	archiveVersion = 1;
	classes = {
	};
	objectVersion = 51;
	objects = {

/* Begin PBXBuildFile section */
		18510F4123570133000458C0 /* AppDelegate.swift in Sources */ = {isa = PBXBuildFile; fileRef = 18510F4023570133000458C0 /* AppDelegate.swift */; };
		18510F4623570133000458C0 /* Main.storyboard in Resources */ = {isa = PBXBuildFile; fileRef = 18510F4423570133000458C0 /* Main.storyboard */; };
		18510F4823570137000458C0 /* Assets.xcassets in Resources */ = {isa = PBXBuildFile; fileRef = 18510F4723570137000458C0 /* Assets.xcassets */; };
		18510F4B23570137000458C0 /* LaunchScreen.storyboard in Resources */ = {isa = PBXBuildFile; fileRef = 18510F4923570137000458C0 /* LaunchScreen.storyboard */; };
		186019DF23584DA80057B8EC /* MovieGenreListTableCell.swift in Sources */ = {isa = PBXBuildFile; fileRef = 186019DD23584DA80057B8EC /* MovieGenreListTableCell.swift */; };
		186019E023584DA80057B8EC /* MovieGenreListTableCell.xib in Resources */ = {isa = PBXBuildFile; fileRef = 186019DE23584DA80057B8EC /* MovieGenreListTableCell.xib */; };
		186019E2235850740057B8EC /* Constants.swift in Sources */ = {isa = PBXBuildFile; fileRef = 186019E1235850740057B8EC /* Constants.swift */; };
		186019E4235850F50057B8EC /* APIRouter.swift in Sources */ = {isa = PBXBuildFile; fileRef = 186019E3235850F50057B8EC /* APIRouter.swift */; };
		186019E6235851040057B8EC /* APIClient.swift in Sources */ = {isa = PBXBuildFile; fileRef = 186019E5235851040057B8EC /* APIClient.swift */; };
		186019E823585C1B0057B8EC /* MovieGenreListModel.swift in Sources */ = {isa = PBXBuildFile; fileRef = 186019E723585C1B0057B8EC /* MovieGenreListModel.swift */; };
		186019EB23586A7B0057B8EC /* MovieListTableCell.swift in Sources */ = {isa = PBXBuildFile; fileRef = 186019E923586A7B0057B8EC /* MovieListTableCell.swift */; };
		186019EC23586A7B0057B8EC /* MovieListTableCell.xib in Resources */ = {isa = PBXBuildFile; fileRef = 186019EA23586A7B0057B8EC /* MovieListTableCell.xib */; };
		186019EE23586A8C0057B8EC /* MovieListVC.swift in Sources */ = {isa = PBXBuildFile; fileRef = 186019ED23586A8C0057B8EC /* MovieListVC.swift */; };
		186019F0235874EF0057B8EC /* MovieListModel.swift in Sources */ = {isa = PBXBuildFile; fileRef = 186019EF235874EF0057B8EC /* MovieListModel.swift */; };
		186019F32358834A0057B8EC /* MovieDetailVC.swift in Sources */ = {isa = PBXBuildFile; fileRef = 186019F22358834A0057B8EC /* MovieDetailVC.swift */; };
		18DE436023571B53007E8DDF /* MovieGenreListVC.swift in Sources */ = {isa = PBXBuildFile; fileRef = 18DE435F23571B53007E8DDF /* MovieGenreListVC.swift */; };
		8B8651F03942B0C5C8CFB6ED /* Pods_Movie_Browser.framework in Frameworks */ = {isa = PBXBuildFile; fileRef = E93D93E8762197A0504FFD98 /* Pods_Movie_Browser.framework */; };
/* End PBXBuildFile section */

/* Begin PBXFileReference section */
		18510F3D23570133000458C0 /* Movie Browser.app */ = {isa = PBXFileReference; explicitFileType = wrapper.application; includeInIndex = 0; path = "Movie Browser.app"; sourceTree = BUILT_PRODUCTS_DIR; };
		18510F4023570133000458C0 /* AppDelegate.swift */ = {isa = PBXFileReference; lastKnownFileType = sourcecode.swift; path = AppDelegate.swift; sourceTree = "<group>"; };
		18510F4523570133000458C0 /* Base */ = {isa = PBXFileReference; lastKnownFileType = file.storyboard; name = Base; path = Base.lproj/Main.storyboard; sourceTree = "<group>"; };
		18510F4723570137000458C0 /* Assets.xcassets */ = {isa = PBXFileReference; lastKnownFileType = folder.assetcatalog; path = Assets.xcassets; sourceTree = "<group>"; };
		18510F4A23570137000458C0 /* Base */ = {isa = PBXFileReference; lastKnownFileType = file.storyboard; name = Base; path = Base.lproj/LaunchScreen.storyboard; sourceTree = "<group>"; };
		18510F4C23570137000458C0 /* Info.plist */ = {isa = PBXFileReference; lastKnownFileType = text.plist.xml; path = Info.plist; sourceTree = "<group>"; };
		186019DD23584DA80057B8EC /* MovieGenreListTableCell.swift */ = {isa = PBXFileReference; lastKnownFileType = sourcecode.swift; path = MovieGenreListTableCell.swift; sourceTree = "<group>"; };
		186019DE23584DA80057B8EC /* MovieGenreListTableCell.xib */ = {isa = PBXFileReference; lastKnownFileType = file.xib; path = MovieGenreListTableCell.xib; sourceTree = "<group>"; };
		186019E1235850740057B8EC /* Constants.swift */ = {isa = PBXFileReference; lastKnownFileType = sourcecode.swift; path = Constants.swift; sourceTree = "<group>"; };
		186019E3235850F50057B8EC /* APIRouter.swift */ = {isa = PBXFileReference; lastKnownFileType = sourcecode.swift; path = APIRouter.swift; sourceTree = "<group>"; };
		186019E5235851040057B8EC /* APIClient.swift */ = {isa = PBXFileReference; lastKnownFileType = sourcecode.swift; path = APIClient.swift; sourceTree = "<group>"; };
		186019E723585C1B0057B8EC /* MovieGenreListModel.swift */ = {isa = PBXFileReference; lastKnownFileType = sourcecode.swift; path = MovieGenreListModel.swift; sourceTree = "<group>"; };
		186019E923586A7B0057B8EC /* MovieListTableCell.swift */ = {isa = PBXFileReference; lastKnownFileType = sourcecode.swift; path = MovieListTableCell.swift; sourceTree = "<group>"; };
		186019EA23586A7B0057B8EC /* MovieListTableCell.xib */ = {isa = PBXFileReference; lastKnownFileType = file.xib; path = MovieListTableCell.xib; sourceTree = "<group>"; };
		186019ED23586A8C0057B8EC /* MovieListVC.swift */ = {isa = PBXFileReference; lastKnownFileType = sourcecode.swift; path = MovieListVC.swift; sourceTree = "<group>"; };
		186019EF235874EF0057B8EC /* MovieListModel.swift */ = {isa = PBXFileReference; lastKnownFileType = sourcecode.swift; path = MovieListModel.swift; sourceTree = "<group>"; };
		186019F22358834A0057B8EC /* MovieDetailVC.swift */ = {isa = PBXFileReference; lastKnownFileType = sourcecode.swift; path = MovieDetailVC.swift; sourceTree = "<group>"; };
		18DE435F23571B53007E8DDF /* MovieGenreListVC.swift */ = {isa = PBXFileReference; lastKnownFileType = sourcecode.swift; path = MovieGenreListVC.swift; sourceTree = "<group>"; };
		43AF1A5FFDA8EC80C73C6329 /* Pods-Movie Browser.release.xcconfig */ = {isa = PBXFileReference; includeInIndex = 1; lastKnownFileType = text.xcconfig; name = "Pods-Movie Browser.release.xcconfig"; path = "Target Support Files/Pods-Movie Browser/Pods-Movie Browser.release.xcconfig"; sourceTree = "<group>"; };
		7E15103EBE1A592DD4B42641 /* Pods-Movie Browser.debug.xcconfig */ = {isa = PBXFileReference; includeInIndex = 1; lastKnownFileType = text.xcconfig; name = "Pods-Movie Browser.debug.xcconfig"; path = "Target Support Files/Pods-Movie Browser/Pods-Movie Browser.debug.xcconfig"; sourceTree = "<group>"; };
		E93D93E8762197A0504FFD98 /* Pods_Movie_Browser.framework */ = {isa = PBXFileReference; explicitFileType = wrapper.framework; includeInIndex = 0; path = Pods_Movie_Browser.framework; sourceTree = BUILT_PRODUCTS_DIR; };
/* End PBXFileReference section */

/* Begin PBXFrameworksBuildPhase section */
		18510F3A23570133000458C0 /* Frameworks */ = {
			isa = PBXFrameworksBuildPhase;
			buildActionMask = 2147483647;
			files = (
				8B8651F03942B0C5C8CFB6ED /* Pods_Movie_Browser.framework in Frameworks */,
			);
			runOnlyForDeploymentPostprocessing = 0;
		};
/* End PBXFrameworksBuildPhase section */

/* Begin PBXGroup section */
		18510F3423570133000458C0 = {
			isa = PBXGroup;
			children = (
				18510F3F23570133000458C0 /* Movie Browser */,
				18510F3E23570133000458C0 /* Products */,
				33769C66AD2289131D1F585C /* Pods */,
				F0636258DFFBC5A9FA7CCA41 /* Frameworks */,
			);
			sourceTree = "<group>";
		};
		18510F3E23570133000458C0 /* Products */ = {
			isa = PBXGroup;
			children = (
				18510F3D23570133000458C0 /* Movie Browser.app */,
			);
			name = Products;
			sourceTree = "<group>";
		};
		18510F3F23570133000458C0 /* Movie Browser */ = {
			isa = PBXGroup;
			children = (
				18510F5223570223000458C0 /* Application */,
				18510F5323570233000458C0 /* Controllers */,
				18510F542357023B000458C0 /* Resources */,
				18510F5523570245000458C0 /* Supporting Files */,
				18510F5623570253000458C0 /* API Client */,
				18510F572357025A000458C0 /* Models */,
			);
			path = "Movie Browser";
			sourceTree = "<group>";
		};
		18510F5223570223000458C0 /* Application */ = {
			isa = PBXGroup;
			children = (
				18510F4023570133000458C0 /* AppDelegate.swift */,
			);
			path = Application;
			sourceTree = "<group>";
		};
		18510F5323570233000458C0 /* Controllers */ = {
			isa = PBXGroup;
			children = (
				186019DC23584D900057B8EC /* Cell */,
				18510F4423570133000458C0 /* Main.storyboard */,
				18DE435F23571B53007E8DDF /* MovieGenreListVC.swift */,
				186019ED23586A8C0057B8EC /* MovieListVC.swift */,
				186019F22358834A0057B8EC /* MovieDetailVC.swift */,
			);
			path = Controllers;
			sourceTree = "<group>";
		};
		18510F542357023B000458C0 /* Resources */ = {
			isa = PBXGroup;
			children = (
				18510F4723570137000458C0 /* Assets.xcassets */,
				186019E1235850740057B8EC /* Constants.swift */,
			);
			path = Resources;
			sourceTree = "<group>";
		};
		18510F5523570245000458C0 /* Supporting Files */ = {
			isa = PBXGroup;
			children = (
				18510F4923570137000458C0 /* LaunchScreen.storyboard */,
				18510F4C23570137000458C0 /* Info.plist */,
			);
			path = "Supporting Files";
			sourceTree = "<group>";
		};
		18510F5623570253000458C0 /* API Client */ = {
			isa = PBXGroup;
			children = (
				186019E3235850F50057B8EC /* APIRouter.swift */,
				186019E5235851040057B8EC /* APIClient.swift */,
			);
			path = "API Client";
			sourceTree = "<group>";
		};
		18510F572357025A000458C0 /* Models */ = {
			isa = PBXGroup;
			children = (
				186019E723585C1B0057B8EC /* MovieGenreListModel.swift */,
				186019EF235874EF0057B8EC /* MovieListModel.swift */,
			);
			path = Models;
			sourceTree = "<group>";
		};
		186019DC23584D900057B8EC /* Cell */ = {
			isa = PBXGroup;
			children = (
				186019DD23584DA80057B8EC /* MovieGenreListTableCell.swift */,
				186019DE23584DA80057B8EC /* MovieGenreListTableCell.xib */,
				186019E923586A7B0057B8EC /* MovieListTableCell.swift */,
				186019EA23586A7B0057B8EC /* MovieListTableCell.xib */,
			);
			path = Cell;
			sourceTree = "<group>";
		};
		33769C66AD2289131D1F585C /* Pods */ = {
			isa = PBXGroup;
			children = (
				7E15103EBE1A592DD4B42641 /* Pods-Movie Browser.debug.xcconfig */,
				43AF1A5FFDA8EC80C73C6329 /* Pods-Movie Browser.release.xcconfig */,
			);
			path = Pods;
			sourceTree = "<group>";
		};
		F0636258DFFBC5A9FA7CCA41 /* Frameworks */ = {
			isa = PBXGroup;
			children = (
				E93D93E8762197A0504FFD98 /* Pods_Movie_Browser.framework */,
			);
			name = Frameworks;
			sourceTree = "<group>";
		};
/* End PBXGroup section */

/* Begin PBXNativeTarget section */
		18510F3C23570133000458C0 /* Movie Browser */ = {
			isa = PBXNativeTarget;
			buildConfigurationList = 18510F4F23570137000458C0 /* Build configuration list for PBXNativeTarget "Movie Browser" */;
			buildPhases = (
				C6AA0D26FECAEC6FD7826F22 /* [CP] Check Pods Manifest.lock */,
				18510F3923570133000458C0 /* Sources */,
				18510F3A23570133000458C0 /* Frameworks */,
				18510F3B23570133000458C0 /* Resources */,
				82DA13F7B25D8C16637469FC /* [CP] Embed Pods Frameworks */,
			);
			buildRules = (
			);
			dependencies = (
			);
			name = "Movie Browser";
			productName = "Movie Browser";
			productReference = 18510F3D23570133000458C0 /* Movie Browser.app */;
			productType = "com.apple.product-type.application";
		};
/* End PBXNativeTarget section */

/* Begin PBXProject section */
		18510F3523570133000458C0 /* Project object */ = {
			isa = PBXProject;
			attributes = {
				LastSwiftUpdateCheck = 1030;
				LastUpgradeCheck = 1030;
				ORGANIZATIONNAME = Nitin;
				TargetAttributes = {
					18510F3C23570133000458C0 = {
						CreatedOnToolsVersion = 10.3;
					};
				};
			};
			buildConfigurationList = 18510F3823570133000458C0 /* Build configuration list for PBXProject "Movie Browser" */;
			compatibilityVersion = "Xcode 9.3";
			developmentRegion = en;
			hasScannedForEncodings = 0;
			knownRegions = (
				en,
				Base,
			);
			mainGroup = 18510F3423570133000458C0;
			productRefGroup = 18510F3E23570133000458C0 /* Products */;
			projectDirPath = "";
			projectRoot = "";
			targets = (
				18510F3C23570133000458C0 /* Movie Browser */,
			);
		};
/* End PBXProject section */

/* Begin PBXResourcesBuildPhase section */
		18510F3B23570133000458C0 /* Resources */ = {
			isa = PBXResourcesBuildPhase;
			buildActionMask = 2147483647;
			files = (
				18510F4B23570137000458C0 /* LaunchScreen.storyboard in Resources */,
				186019E023584DA80057B8EC /* MovieGenreListTableCell.xib in Resources */,
				18510F4823570137000458C0 /* Assets.xcassets in Resources */,
				18510F4623570133000458C0 /* Main.storyboard in Resources */,
				186019EC23586A7B0057B8EC /* MovieListTableCell.xib in Resources */,
			);
			runOnlyForDeploymentPostprocessing = 0;
		};
/* End PBXResourcesBuildPhase section */

/* Begin PBXShellScriptBuildPhase section */
		82DA13F7B25D8C16637469FC /* [CP] Embed Pods Frameworks */ = {
			isa = PBXShellScriptBuildPhase;
			buildActionMask = 2147483647;
			files = (
			);
			inputFileListPaths = (
				"${PODS_ROOT}/Target Support Files/Pods-Movie Browser/Pods-Movie Browser-frameworks-${CONFIGURATION}-input-files.xcfilelist",
			);
			name = "[CP] Embed Pods Frameworks";
			outputFileListPaths = (
				"${PODS_ROOT}/Target Support Files/Pods-Movie Browser/Pods-Movie Browser-frameworks-${CONFIGURATION}-output-files.xcfilelist",
			);
			runOnlyForDeploymentPostprocessing = 0;
			shellPath = /bin/sh;
			shellScript = "\"${PODS_ROOT}/Target Support Files/Pods-Movie Browser/Pods-Movie Browser-frameworks.sh\"\n";
			showEnvVarsInLog = 0;
		};
		C6AA0D26FECAEC6FD7826F22 /* [CP] Check Pods Manifest.lock */ = {
			isa = PBXShellScriptBuildPhase;
			buildActionMask = 2147483647;
			files = (
			);
			inputFileListPaths = (
			);
			inputPaths = (
				"${PODS_PODFILE_DIR_PATH}/Podfile.lock",
				"${PODS_ROOT}/Manifest.lock",
			);
			name = "[CP] Check Pods Manifest.lock";
			outputFileListPaths = (
			);
			outputPaths = (
				"$(DERIVED_FILE_DIR)/Pods-Movie Browser-checkManifestLockResult.txt",
			);
			runOnlyForDeploymentPostprocessing = 0;
			shellPath = /bin/sh;
			shellScript = "diff \"${PODS_PODFILE_DIR_PATH}/Podfile.lock\" \"${PODS_ROOT}/Manifest.lock\" > /dev/null\nif [ $? != 0 ] ; then\n    # print error to STDERR\n    echo \"error: The sandbox is not in sync with the Podfile.lock. Run 'pod install' or update your CocoaPods installation.\" >&2\n    exit 1\nfi\n# This output is used by Xcode 'outputs' to avoid re-running this script phase.\necho \"SUCCESS\" > \"${SCRIPT_OUTPUT_FILE_0}\"\n";
			showEnvVarsInLog = 0;
		};
/* End PBXShellScriptBuildPhase section */

/* Begin PBXSourcesBuildPhase section */
		18510F3923570133000458C0 /* Sources */ = {
			isa = PBXSourcesBuildPhase;
			buildActionMask = 2147483647;
			files = (
				186019E823585C1B0057B8EC /* MovieGenreListModel.swift in Sources */,
				18510F4123570133000458C0 /* AppDelegate.swift in Sources */,
				186019EE23586A8C0057B8EC /* MovieListVC.swift in Sources */,
				186019E4235850F50057B8EC /* APIRouter.swift in Sources */,
				18DE436023571B53007E8DDF /* MovieGenreListVC.swift in Sources */,
				186019F32358834A0057B8EC /* MovieDetailVC.swift in Sources */,
				186019DF23584DA80057B8EC /* MovieGenreListTableCell.swift in Sources */,
				186019F0235874EF0057B8EC /* MovieListModel.swift in Sources */,
				186019E2235850740057B8EC /* Constants.swift in Sources */,
				186019E6235851040057B8EC /* APIClient.swift in Sources */,
				186019EB23586A7B0057B8EC /* MovieListTableCell.swift in Sources */,
			);
			runOnlyForDeploymentPostprocessing = 0;
		};
/* End PBXSourcesBuildPhase section */

/* Begin PBXVariantGroup section */
		18510F4423570133000458C0 /* Main.storyboard */ = {
			isa = PBXVariantGroup;
			children = (
				18510F4523570133000458C0 /* Base */,
			);
			name = Main.storyboard;
			sourceTree = "<group>";
		};
		18510F4923570137000458C0 /* LaunchScreen.storyboard */ = {
			isa = PBXVariantGroup;
			children = (
				18510F4A23570137000458C0 /* Base */,
			);
			name = LaunchScreen.storyboard;
			sourceTree = "<group>";
		};
/* End PBXVariantGroup section */

/* Begin XCBuildConfiguration section */
		18510F4D23570137000458C0 /* Debug */ = {
			isa = XCBuildConfiguration;
			buildSettings = {
				ALWAYS_SEARCH_USER_PATHS = NO;
				CLANG_ANALYZER_NONNULL = YES;
				CLANG_ANALYZER_NUMBER_OBJECT_CONVERSION = YES_AGGRESSIVE;
				CLANG_CXX_LANGUAGE_STANDARD = "gnu++14";
				CLANG_CXX_LIBRARY = "libc++";
				CLANG_ENABLE_MODULES = YES;
				CLANG_ENABLE_OBJC_ARC = YES;
				CLANG_ENABLE_OBJC_WEAK = YES;
				CLANG_WARN_BLOCK_CAPTURE_AUTORELEASING = YES;
				CLANG_WARN_BOOL_CONVERSION = YES;
				CLANG_WARN_COMMA = YES;
				CLANG_WARN_CONSTANT_CONVERSION = YES;
				CLANG_WARN_DEPRECATED_OBJC_IMPLEMENTATIONS = YES;
				CLANG_WARN_DIRECT_OBJC_ISA_USAGE = YES_ERROR;
				CLANG_WARN_DOCUMENTATION_COMMENTS = YES;
				CLANG_WARN_EMPTY_BODY = YES;
				CLANG_WARN_ENUM_CONVERSION = YES;
				CLANG_WARN_INFINITE_RECURSION = YES;
				CLANG_WARN_INT_CONVERSION = YES;
				CLANG_WARN_NON_LITERAL_NULL_CONVERSION = YES;
				CLANG_WARN_OBJC_IMPLICIT_RETAIN_SELF = YES;
				CLANG_WARN_OBJC_LITERAL_CONVERSION = YES;
				CLANG_WARN_OBJC_ROOT_CLASS = YES_ERROR;
				CLANG_WARN_RANGE_LOOP_ANALYSIS = YES;
				CLANG_WARN_STRICT_PROTOTYPES = YES;
				CLANG_WARN_SUSPICIOUS_MOVE = YES;
				CLANG_WARN_UNGUARDED_AVAILABILITY = YES_AGGRESSIVE;
				CLANG_WARN_UNREACHABLE_CODE = YES;
				CLANG_WARN__DUPLICATE_METHOD_MATCH = YES;
				CODE_SIGN_IDENTITY = "iPhone Developer";
				COPY_PHASE_STRIP = NO;
				DEBUG_INFORMATION_FORMAT = dwarf;
				ENABLE_STRICT_OBJC_MSGSEND = YES;
				ENABLE_TESTABILITY = YES;
				GCC_C_LANGUAGE_STANDARD = gnu11;
				GCC_DYNAMIC_NO_PIC = NO;
				GCC_NO_COMMON_BLOCKS = YES;
				GCC_OPTIMIZATION_LEVEL = 0;
				GCC_PREPROCESSOR_DEFINITIONS = (
					"DEBUG=1",
					"$(inherited)",
				);
				GCC_WARN_64_TO_32_BIT_CONVERSION = YES;
				GCC_WARN_ABOUT_RETURN_TYPE = YES_ERROR;
				GCC_WARN_UNDECLARED_SELECTOR = YES;
				GCC_WARN_UNINITIALIZED_AUTOS = YES_AGGRESSIVE;
				GCC_WARN_UNUSED_FUNCTION = YES;
				GCC_WARN_UNUSED_VARIABLE = YES;
				IPHONEOS_DEPLOYMENT_TARGET = 12.4;
				MTL_ENABLE_DEBUG_INFO = INCLUDE_SOURCE;
				MTL_FAST_MATH = YES;
				ONLY_ACTIVE_ARCH = YES;
				SDKROOT = iphoneos;
				SWIFT_ACTIVE_COMPILATION_CONDITIONS = DEBUG;
				SWIFT_OPTIMIZATION_LEVEL = "-Onone";
			};
			name = Debug;
		};
		18510F4E23570137000458C0 /* Release */ = {
			isa = XCBuildConfiguration;
			buildSettings = {
				ALWAYS_SEARCH_USER_PATHS = NO;
				CLANG_ANALYZER_NONNULL = YES;
				CLANG_ANALYZER_NUMBER_OBJECT_CONVERSION = YES_AGGRESSIVE;
				CLANG_CXX_LANGUAGE_STANDARD = "gnu++14";
				CLANG_CXX_LIBRARY = "libc++";
				CLANG_ENABLE_MODULES = YES;
				CLANG_ENABLE_OBJC_ARC = YES;
				CLANG_ENABLE_OBJC_WEAK = YES;
				CLANG_WARN_BLOCK_CAPTURE_AUTORELEASING = YES;
				CLANG_WARN_BOOL_CONVERSION = YES;
				CLANG_WARN_COMMA = YES;
				CLANG_WARN_CONSTANT_CONVERSION = YES;
				CLANG_WARN_DEPRECATED_OBJC_IMPLEMENTATIONS = YES;
				CLANG_WARN_DIRECT_OBJC_ISA_USAGE = YES_ERROR;
				CLANG_WARN_DOCUMENTATION_COMMENTS = YES;
				CLANG_WARN_EMPTY_BODY = YES;
				CLANG_WARN_ENUM_CONVERSION = YES;
				CLANG_WARN_INFINITE_RECURSION = YES;
				CLANG_WARN_INT_CONVERSION = YES;
				CLANG_WARN_NON_LITERAL_NULL_CONVERSION = YES;
				CLANG_WARN_OBJC_IMPLICIT_RETAIN_SELF = YES;
				CLANG_WARN_OBJC_LITERAL_CONVERSION = YES;
				CLANG_WARN_OBJC_ROOT_CLASS = YES_ERROR;
				CLANG_WARN_RANGE_LOOP_ANALYSIS = YES;
				CLANG_WARN_STRICT_PROTOTYPES = YES;
				CLANG_WARN_SUSPICIOUS_MOVE = YES;
				CLANG_WARN_UNGUARDED_AVAILABILITY = YES_AGGRESSIVE;
				CLANG_WARN_UNREACHABLE_CODE = YES;
				CLANG_WARN__DUPLICATE_METHOD_MATCH = YES;
				CODE_SIGN_IDENTITY = "iPhone Developer";
				COPY_PHASE_STRIP = NO;
				DEBUG_INFORMATION_FORMAT = "dwarf-with-dsym";
				ENABLE_NS_ASSERTIONS = NO;
				ENABLE_STRICT_OBJC_MSGSEND = YES;
				GCC_C_LANGUAGE_STANDARD = gnu11;
				GCC_NO_COMMON_BLOCKS = YES;
				GCC_WARN_64_TO_32_BIT_CONVERSION = YES;
				GCC_WARN_ABOUT_RETURN_TYPE = YES_ERROR;
				GCC_WARN_UNDECLARED_SELECTOR = YES;
				GCC_WARN_UNINITIALIZED_AUTOS = YES_AGGRESSIVE;
				GCC_WARN_UNUSED_FUNCTION = YES;
				GCC_WARN_UNUSED_VARIABLE = YES;
				IPHONEOS_DEPLOYMENT_TARGET = 12.4;
				MTL_ENABLE_DEBUG_INFO = NO;
				MTL_FAST_MATH = YES;
				SDKROOT = iphoneos;
				SWIFT_COMPILATION_MODE = wholemodule;
				SWIFT_OPTIMIZATION_LEVEL = "-O";
				VALIDATE_PRODUCT = YES;
			};
			name = Release;
		};
		18510F5023570137000458C0 /* Debug */ = {
			isa = XCBuildConfiguration;
			baseConfigurationReference = 7E15103EBE1A592DD4B42641 /* Pods-Movie Browser.debug.xcconfig */;
			buildSettings = {
				ASSETCATALOG_COMPILER_APPICON_NAME = AppIcon;
				CODE_SIGN_STYLE = Automatic;
				DEVELOPMENT_TEAM = RF9AL77J64;
				INFOPLIST_FILE = "$(SRCROOT)/Movie Browser/Supporting Files/Info.plist";
				LD_RUNPATH_SEARCH_PATHS = (
					"$(inherited)",
					"@executable_path/Frameworks",
				);
				PRODUCT_BUNDLE_IDENTIFIER = com.test.movieBrowser;
				PRODUCT_NAME = "$(TARGET_NAME)";
				SWIFT_VERSION = 4.2;
				TARGETED_DEVICE_FAMILY = "1,2";
			};
			name = Debug;
		};
		18510F5123570137000458C0 /* Release */ = {
			isa = XCBuildConfiguration;
			baseConfigurationReference = 43AF1A5FFDA8EC80C73C6329 /* Pods-Movie Browser.release.xcconfig */;
			buildSettings = {
				ASSETCATALOG_COMPILER_APPICON_NAME = AppIcon;
				CODE_SIGN_STYLE = Automatic;
				DEVELOPMENT_TEAM = RF9AL77J64;
				INFOPLIST_FILE = "$(SRCROOT)/Movie Browser/Supporting Files/Info.plist";
				LD_RUNPATH_SEARCH_PATHS = (
					"$(inherited)",
					"@executable_path/Frameworks",
				);
				PRODUCT_BUNDLE_IDENTIFIER = com.test.movieBrowser;
				PRODUCT_NAME = "$(TARGET_NAME)";
				SWIFT_VERSION = 4.2;
				TARGETED_DEVICE_FAMILY = "1,2";
			};
			name = Release;
		};
/* End XCBuildConfiguration section */

/* Begin XCConfigurationList section */
		18510F3823570133000458C0 /* Build configuration list for PBXProject "Movie Browser" */ = {
			isa = XCConfigurationList;
			buildConfigurations = (
				18510F4D23570137000458C0 /* Debug */,
				18510F4E23570137000458C0 /* Release */,
			);
			defaultConfigurationIsVisible = 0;
			defaultConfigurationName = Release;
		};
		18510F4F23570137000458C0 /* Build configuration list for PBXNativeTarget "Movie Browser" */ = {
			isa = XCConfigurationList;
			buildConfigurations = (
				18510F5023570137000458C0 /* Debug */,
				18510F5123570137000458C0 /* Release */,
			);
			defaultConfigurationIsVisible = 0;
			defaultConfigurationName = Release;
		};
/* End XCConfigurationList section */
	};
	rootObject = 18510F3523570133000458C0 /* Project object */;
}
